<?xml version="1.0" encoding="utf-8"?>
<Project ToolsVersion="4.0" xmlns="http://schemas.microsoft.com/developer/msbuild/2003">
  <ItemGroup>
    <Filter Include="Source Files">
      <UniqueIdentifier>{4FC737F1-C7A5-4376-A066-2A32D752A2FF}</UniqueIdentifier>
      <Extensions>cpp;c;cc;cxx;c++;cppm;ixx;def;odl;idl;hpj;bat;asm;asmx</Extensions>
    </Filter>
    <Filter Include="Header Files">
      <UniqueIdentifier>{93995380-89BD-4b04-88EB-625FBE52EBFB}</UniqueIdentifier>
      <Extensions>h;hh;hpp;hxx;h++;hm;inl;inc;ipp;xsd</Extensions>
    </Filter>
    <Filter Include="Resource Files">
      <UniqueIdentifier>{67DA6AB6-F800-4c08-8B7A-83BB121AAD01}</UniqueIdentifier>
      <Extensions>rc;ico;cur;bmp;dlg;rc2;rct;bin;rgs;gif;jpg;jpeg;jpe;resx;tiff;tif;png;wav;mfcribbon-ms</Extensions>
    </Filter>
  </ItemGroup>
  <ItemGroup>
    <ClCompile Include="source\engine\MatchEngine.cpp">
      <Filter>Source Files</Filter>
    </ClCompile>
    <ClCompile Include="source\engine\OrderBook.cpp">
      <Filter>Source Files</Filter>
    </ClCompile>
    <ClCompile Include="source\market\Market.cpp">
      <Filter>Source Files</Filter>
    </ClCompile>
    <ClCompile Include="source\market\MarketBroadcaster.cpp">
      <Filter>Source Files</Filter>
    </ClCompile>
    <ClCompile Include="source\market\CompanyRegistry.cpp">
      <Filter>Source Files</Filter>
    </ClCompile>
    <ClCompile Include="source\sanitation\SanitationChecker.cpp">
      <Filter>Source Files</Filter>
    </ClCompile>
    <ClCompile Include="source\core\Price.cpp">
      <Filter>Source Files</Filter>
    </ClCompile>
    <ClCompile Include="source\core\Error.cpp">
      <Filter>Source Files</Filter>
    </ClCompile>
    <ClCompile Include="source\core\MicroEx.cpp">
      <Filter>Source Files</Filter>
    </ClCompile>
    <ClCompile Include="source\market\MarketIO.cpp">
      <Filter>Source Files</Filter>
    </ClCompile>
  </ItemGroup>
  <ItemGroup>
    <ClInclude Include="include\engine\MatchEngine.h">
      <Filter>Header Files</Filter>
    </ClInclude>
    <ClInclude Include="include\engine\OrderBook.h">
      <Filter>Header Files</Filter>
    </ClInclude>
    <ClInclude Include="include\engine\Trade.h">
      <Filter>Header Files</Filter>
    </ClInclude>
    <ClInclude Include="include\market\Market.h">
      <Filter>Header Files</Filter>
    </ClInclude>
    <ClInclude Include="include\market\CompanyRegistry.h">
      <Filter>Header Files</Filter>
    </ClInclude>
    <ClInclude Include="include\market\MarketBroadcaster.h">
      <Filter>Header Files</Filter>
    </ClInclude>
    <ClInclude Include="include\core\Core.h">
      <Filter>Header Files</Filter>
    </ClInclude>
    <ClInclude Include="include\engine\xxHash.h">
      <Filter>Header Files</Filter>
    </ClInclude>
    <ClInclude Include="include\sanitation\SanitationChecker.h">
      <Filter>Header Files</Filter>
    </ClInclude>
    <ClInclude Include="include\sanitation\ValidationChecker.h">
      <Filter>Header Files</Filter>
    </ClInclude>
    <ClInclude Include="source\sanitation\ValidationChcker.cpp">
      <Filter>Header Files</Filter>
    </ClInclude>
    <ClInclude Include="include\core\Price.h">
      <Filter>Header Files</Filter>
    </ClInclude>
    <ClInclude Include="include\core\Error.h">
      <Filter>Header Files</Filter>
    </ClInclude>
    <ClInclude Include="include\MicroEx\MicroEx.h">
      <Filter>Header Files</Filter>
    </ClInclude>
    <ClInclude Include="include\market\MarketIO.h">
      <Filter>Header Files</Filter>
    </ClInclude>
    <ClInclude Include="include\nholmann\json.h">
      <Filter>Header Files</Filter>
    </ClInclude>
    <ClInclude Include="include\market\MarketConfig.h">
      <Filter>Header Files</Filter>
    </ClInclude>
  </ItemGroup>
  <ItemGroup>
    <None Include="..\.gitattributes" />
    <None Include="..\.gitignore" />
    <None Include="..\README.md" />
  </ItemGroup>
</Project>